
Microsoft Visual Studio Solution File, Format Version 12.00
# Visual Studio Version 17
VisualStudioVersion = 17.8.34525.116
MinimumVisualStudioVersion = 10.0.40219.1
Project("{FAE04EC0-301F-11D3-BF4B-00C04F79EFBC}") = "UdemyMVCMVCNET8Project2", "UdemyMVCMVCNET8Project2\UdemyMVCMVCNET8Project2.csproj", "{4462FD62-4543-4334-B608-CEF09F07D2F9}"
EndProject
Project("{FAE04EC0-301F-11D3-BF4B-00C04F79EFBC}") = "BlogCore.DataAccess", "BlogCore.DataAccess\BlogCore.DataAccess.csproj", "{C862BDC5-264C-4DB3-B38C-E775E7F157C6}"
EndProject
Project("{FAE04EC0-301F-11D3-BF4B-00C04F79EFBC}") = "BlogCore.Model", "BlogCore.Model\BlogCore.Model.csproj", "{9390EAD8-0FF3-488D-8C0A-2BA02A95CE8E}"
EndProject
Project("{FAE04EC0-301F-11D3-BF4B-00C04F79EFBC}") = "BlogCore.Utils", "BlogCore.Utils\BlogCore.Utils.csproj", "{9A844353-632F-450C-8D4D-A7834017C404}"
EndProject
Global
	GlobalSection(SolutionConfigurationPlatforms) = preSolution
		Debug|Any CPU = Debug|Any CPU
		Release|Any CPU = Release|Any CPU
	EndGlobalSection
	GlobalSection(ProjectConfigurationPlatforms) = postSolution
		{4462FD62-4543-4334-B608-CEF09F07D2F9}.Debug|Any CPU.ActiveCfg = Debug|Any CPU
		{4462FD62-4543-4334-B608-CEF09F07D2F9}.Debug|Any CPU.Build.0 = Debug|Any CPU
		{4462FD62-4543-4334-B608-CEF09F07D2F9}.Release|Any CPU.ActiveCfg = Release|Any CPU
		{4462FD62-4543-4334-B608-CEF09F07D2F9}.Release|Any CPU.Build.0 = Release|Any CPU
		{C862BDC5-264C-4DB3-B38C-E775E7F157C6}.Debug|Any CPU.ActiveCfg = Debug|Any CPU
		{C862BDC5-264C-4DB3-B38C-E775E7F157C6}.Debug|Any CPU.Build.0 = Debug|Any CPU
		{C862BDC5-264C-4DB3-B38C-E775E7F157C6}.Release|Any CPU.ActiveCfg = Release|Any CPU
		{C862BDC5-264C-4DB3-B38C-E775E7F157C6}.Release|Any CPU.Build.0 = Release|Any CPU
		{9390EAD8-0FF3-488D-8C0A-2BA02A95CE8E}.Debug|Any CPU.ActiveCfg = Debug|Any CPU
		{9390EAD8-0FF3-488D-8C0A-2BA02A95CE8E}.Debug|Any CPU.Build.0 = Debug|Any CPU
		{9390EAD8-0FF3-488D-8C0A-2BA02A95CE8E}.Release|Any CPU.ActiveCfg = Release|Any CPU
		{9390EAD8-0FF3-488D-8C0A-2BA02A95CE8E}.Release|Any CPU.Build.0 = Release|Any CPU
		{9A844353-632F-450C-8D4D-A7834017C404}.Debug|Any CPU.ActiveCfg = Debug|Any CPU
		{9A844353-632F-450C-8D4D-A7834017C404}.Debug|Any CPU.Build.0 = Debug|Any CPU
		{9A844353-632F-450C-8D4D-A7834017C404}.Release|Any CPU.ActiveCfg = Release|Any CPU
		{9A844353-632F-450C-8D4D-A7834017C404}.Release|Any CPU.Build.0 = Release|Any CPU
	EndGlobalSection
	GlobalSection(SolutionProperties) = preSolution
		HideSolutionNode = FALSE
	EndGlobalSection
	GlobalSection(ExtensibilityGlobals) = postSolution
		SolutionGuid = {1D25F7AA-BADA-4303-AE05-889CFC7092F0}
	EndGlobalSection
EndGlobal
